
Microsoft Visual Studio Solution File, Format Version 12.00
# Visual Studio Version 17
VisualStudioVersion = 17.4.33213.308
MinimumVisualStudioVersion = 10.0.40219.1
Project("{9A19103F-16F7-4668-BE54-9A1E7A4F7556}") = "2023ACMS", "2023ACMS\2023ACMS.csproj", "{4745C776-4D97-4DA4-A849-4757FC42DD18}"
EndProject
Global
	GlobalSection(SolutionConfigurationPlatforms) = preSolution
		Debug|Any CPU = Debug|Any CPU
		Release|Any CPU = Release|Any CPU
	EndGlobalSection
	GlobalSection(ProjectConfigurationPlatforms) = postSolution
		{4745C776-4D97-4DA4-A849-4757FC42DD18}.Debug|Any CPU.ActiveCfg = Debug|Any CPU
		{4745C776-4D97-4DA4-A849-4757FC42DD18}.Debug|Any CPU.Build.0 = Debug|Any CPU
		{4745C776-4D97-4DA4-A849-4757FC42DD18}.Release|Any CPU.ActiveCfg = Release|Any CPU
		{4745C776-4D97-4DA4-A849-4757FC42DD18}.Release|Any CPU.Build.0 = Release|Any CPU
	EndGlobalSection
	GlobalSection(SolutionProperties) = preSolution
		HideSolutionNode = FALSE
	EndGlobalSection
	GlobalSection(ExtensibilityGlobals) = postSolution
		SolutionGuid = {2ECECB6C-B574-44E5-BA39-389458CC1A6B}
	EndGlobalSection
	GlobalSection(TeamFoundationVersionControl) = preSolution
		SccNumberOfProjects = 2
		SccEnterpriseProvider = {4CA58AB2-18FA-4F8D-95D4-32DDF27D184C}
		SccTeamFoundationServer = https://tfs.franklincollege.edu/defaultcollection
		SccLocalPath0 = .
		SccProjectUniqueName1 = 2023ACMS\\2023ACMS.csproj
		SccProjectName1 = 2023ACMS
		SccLocalPath1 = 2023ACMS
	EndGlobalSection
EndGlobal
